
Microsoft Visual Studio Solution File, Format Version 12.00
# Visual Studio Version 17
VisualStudioVersion = 17.4.33205.214
MinimumVisualStudioVersion = 10.0.40219.1
Project("{2150E333-8FDC-42A3-9474-1A3956D46DE8}") = "Solution Items", "Solution Items", "{7C7D442A-D3B1-4E49-86B6-6E87723252FC}"
	ProjectSection(SolutionItems) = preProject
		.editorconfig = .editorconfig
		Directory.Build.props = Directory.Build.props
		Directory.Build.targets = Directory.Build.targets
	EndProjectSection
EndProject
Project("{9A19103F-16F7-4668-BE54-9A1E7A4F7556}") = "Search", "Search\Search.csproj", "{ADFEBB38-1893-44AC-9287-C7D14C1C1BBF}"
EndProject
Project("{9A19103F-16F7-4668-BE54-9A1E7A4F7556}") = "Search.Benchmarks", "Search.Benchmarks\Search.Benchmarks.csproj", "{E1915EEA-10C4-4F53-A62E-F91CD736CED2}"
EndProject
Project("{9A19103F-16F7-4668-BE54-9A1E7A4F7556}") = "Search.TestGraphs", "Search.TestGraphs\Search.TestGraphs.csproj", "{692FD590-38DB-4602-9C8B-33FF4C286D97}"
EndProject
Project("{9A19103F-16F7-4668-BE54-9A1E7A4F7556}") = "Search.Tests", "Search.Tests\Search.Tests.csproj", "{FE7EE7E1-54D6-47D4-BD21-BB8832158AD4}"
EndProject
Project("{9A19103F-16F7-4668-BE54-9A1E7A4F7556}") = "Search.Visualizer", "Search.Visualizer\Search.Visualizer.csproj", "{9EE358B6-7908-4FD7-B9A9-E6C6EF711E03}"
EndProject
Project("{2150E333-8FDC-42A3-9474-1A3956D46DE8}") = "Repo Items", "Repo Items", "{A1D538BB-4F00-46F1-9796-AA1FCDC07ECF}"
	ProjectSection(SolutionItems) = preProject
		..\.gitattributes = ..\.gitattributes
		..\.gitignore = ..\.gitignore
		..\LICENSE.txt = ..\LICENSE.txt
		..\.github\workflows\onPush.yml = ..\.github\workflows\onPush.yml
		..\.github\workflows\onRelease.yml = ..\.github\workflows\onRelease.yml
		..\README.md = ..\README.md
	EndProjectSection
EndProject
Global
	GlobalSection(SolutionConfigurationPlatforms) = preSolution
		Debug|Any CPU = Debug|Any CPU
		Release|Any CPU = Release|Any CPU
	EndGlobalSection
	GlobalSection(ProjectConfigurationPlatforms) = postSolution
		{ADFEBB38-1893-44AC-9287-C7D14C1C1BBF}.Debug|Any CPU.ActiveCfg = Debug|Any CPU
		{ADFEBB38-1893-44AC-9287-C7D14C1C1BBF}.Debug|Any CPU.Build.0 = Debug|Any CPU
		{ADFEBB38-1893-44AC-9287-C7D14C1C1BBF}.Release|Any CPU.ActiveCfg = Release|Any CPU
		{ADFEBB38-1893-44AC-9287-C7D14C1C1BBF}.Release|Any CPU.Build.0 = Release|Any CPU
		{E1915EEA-10C4-4F53-A62E-F91CD736CED2}.Debug|Any CPU.ActiveCfg = Debug|Any CPU
		{E1915EEA-10C4-4F53-A62E-F91CD736CED2}.Debug|Any CPU.Build.0 = Debug|Any CPU
		{E1915EEA-10C4-4F53-A62E-F91CD736CED2}.Release|Any CPU.ActiveCfg = Release|Any CPU
		{E1915EEA-10C4-4F53-A62E-F91CD736CED2}.Release|Any CPU.Build.0 = Release|Any CPU
		{692FD590-38DB-4602-9C8B-33FF4C286D97}.Debug|Any CPU.ActiveCfg = Debug|Any CPU
		{692FD590-38DB-4602-9C8B-33FF4C286D97}.Debug|Any CPU.Build.0 = Debug|Any CPU
		{692FD590-38DB-4602-9C8B-33FF4C286D97}.Release|Any CPU.ActiveCfg = Release|Any CPU
		{692FD590-38DB-4602-9C8B-33FF4C286D97}.Release|Any CPU.Build.0 = Release|Any CPU
		{FE7EE7E1-54D6-47D4-BD21-BB8832158AD4}.Debug|Any CPU.ActiveCfg = Debug|Any CPU
		{FE7EE7E1-54D6-47D4-BD21-BB8832158AD4}.Debug|Any CPU.Build.0 = Debug|Any CPU
		{FE7EE7E1-54D6-47D4-BD21-BB8832158AD4}.Release|Any CPU.ActiveCfg = Release|Any CPU
		{FE7EE7E1-54D6-47D4-BD21-BB8832158AD4}.Release|Any CPU.Build.0 = Release|Any CPU
		{9EE358B6-7908-4FD7-B9A9-E6C6EF711E03}.Debug|Any CPU.ActiveCfg = Debug|Any CPU
		{9EE358B6-7908-4FD7-B9A9-E6C6EF711E03}.Debug|Any CPU.Build.0 = Debug|Any CPU
		{9EE358B6-7908-4FD7-B9A9-E6C6EF711E03}.Release|Any CPU.ActiveCfg = Release|Any CPU
		{9EE358B6-7908-4FD7-B9A9-E6C6EF711E03}.Release|Any CPU.Build.0 = Release|Any CPU
	EndGlobalSection
	GlobalSection(SolutionProperties) = preSolution
		HideSolutionNode = FALSE
	EndGlobalSection
	GlobalSection(ExtensibilityGlobals) = postSolution
		SolutionGuid = {83C92DCE-9DE9-4788-AF4D-4E67F3454273}
	EndGlobalSection
EndGlobal
